
Microsoft Visual Studio Solution File, Format Version 12.00
# Visual Studio Version 16
VisualStudioVersion = 16.0.29319.158
MinimumVisualStudioVersion = 10.0.40219.1
Project("{FAE04EC0-301F-11D3-BF4B-00C04F79EFBC}") = "WebApplication1", "WebApplication1.csproj", "{A9EA193F-0FD0-4FCA-81F9-F2317E6D8307}"
EndProject
Global
	GlobalSection(SolutionConfigurationPlatforms) = preSolution
		Debug|Any CPU = Debug|Any CPU
		Release|Any CPU = Release|Any CPU
	EndGlobalSection
	GlobalSection(ProjectConfigurationPlatforms) = postSolution
		{A9EA193F-0FD0-4FCA-81F9-F2317E6D8307}.Debug|Any CPU.ActiveCfg = Debug|Any CPU
		{A9EA193F-0FD0-4FCA-81F9-F2317E6D8307}.Debug|Any CPU.Build.0 = Debug|Any CPU
		{A9EA193F-0FD0-4FCA-81F9-F2317E6D8307}.Release|Any CPU.ActiveCfg = Release|Any CPU
		{A9EA193F-0FD0-4FCA-81F9-F2317E6D8307}.Release|Any CPU.Build.0 = Release|Any CPU
	EndGlobalSection
	GlobalSection(SolutionProperties) = preSolution
		HideSolutionNode = FALSE
	EndGlobalSection
	GlobalSection(ExtensibilityGlobals) = postSolution
		SolutionGuid = {BCFC9BCF-C401-49B2-9A1B-4BF37C4E4822}
	EndGlobalSection
EndGlobal
