
Microsoft Visual Studio Solution File, Format Version 12.00
# Visual Studio Version 16
VisualStudioVersion = 16.0.29111.141
MinimumVisualStudioVersion = 10.0.40219.1
Project("{FAE04EC0-301F-11D3-BF4B-00C04F79EFBC}") = "QandA", "QandA.csproj", "{680D2D11-8033-4C18-8BE6-409C2C6F6D37}"
EndProject
Global
	GlobalSection(SolutionConfigurationPlatforms) = preSolution
		Debug|Any CPU = Debug|Any CPU
		Release|Any CPU = Release|Any CPU
	EndGlobalSection
	GlobalSection(ProjectConfigurationPlatforms) = postSolution
		{680D2D11-8033-4C18-8BE6-409C2C6F6D37}.Debug|Any CPU.ActiveCfg = Debug|Any CPU
		{680D2D11-8033-4C18-8BE6-409C2C6F6D37}.Debug|Any CPU.Build.0 = Debug|Any CPU
		{680D2D11-8033-4C18-8BE6-409C2C6F6D37}.Release|Any CPU.ActiveCfg = Release|Any CPU
		{680D2D11-8033-4C18-8BE6-409C2C6F6D37}.Release|Any CPU.Build.0 = Release|Any CPU
	EndGlobalSection
	GlobalSection(SolutionProperties) = preSolution
		HideSolutionNode = FALSE
	EndGlobalSection
	GlobalSection(ExtensibilityGlobals) = postSolution
		SolutionGuid = {68543090-90F3-4074-90DC-186D26698EEC}
	EndGlobalSection
EndGlobal
